
Microsoft Visual Studio Solution File, Format Version 12.00
Project("{2150E333-8FDC-42A3-9474-1A3956D46DE8}") = "src", "src", "{DB9E6651-9E36-4372-A181-9BC6A849FFAB}"
EndProject
Project("{2150E333-8FDC-42A3-9474-1A3956D46DE8}") = "SF", "SF", "{84CF54F3-628A-4170-B90D-FCE4616D6267}"
	ProjectSection(SolutionItems) = preProject
		.gitignore = .gitignore
		Conclusion.md = Conclusion.md
	EndProjectSection
EndProject
Project("{FAE04EC0-301F-11D3-BF4B-00C04F79EFBC}") = "Commands", "src\Commands\Commands.csproj", "{124F15CF-72BF-478D-BA47-479F01587B0F}"
EndProject
Project("{FAE04EC0-301F-11D3-BF4B-00C04F79EFBC}") = "Shared", "src\Shared\Shared.csproj", "{25365C1D-4C45-4807-A7FB-CA5B5BCB2C9B}"
EndProject
Project("{FAE04EC0-301F-11D3-BF4B-00C04F79EFBC}") = "Queries", "src\Queries\Queries.csproj", "{7C919324-F897-4113-BD5B-F42C1F95A3BE}"
EndProject
Project("{FAE04EC0-301F-11D3-BF4B-00C04F79EFBC}") = "Subscriber", "src\Subscriber\Subscriber.csproj", "{BD98408C-B358-45EE-BB0B-A487B01F831C}"
EndProject
Project("{FAE04EC0-301F-11D3-BF4B-00C04F79EFBC}") = "SqsLambda", "src\SqsLambda\SqsLambda.csproj", "{6202F90F-7678-4B8F-86CE-E5FB93A4B89F}"
EndProject
Project("{FAE04EC0-301F-11D3-BF4B-00C04F79EFBC}") = "Contracts", "src\Contracts\Contracts.csproj", "{5AE43B47-2B95-464C-88DB-AE50260504B5}"
EndProject
Global
	GlobalSection(SolutionConfigurationPlatforms) = preSolution
		Debug|Any CPU = Debug|Any CPU
		Release|Any CPU = Release|Any CPU
	EndGlobalSection
	GlobalSection(NestedProjects) = preSolution
		{124F15CF-72BF-478D-BA47-479F01587B0F} = {DB9E6651-9E36-4372-A181-9BC6A849FFAB}
		{25365C1D-4C45-4807-A7FB-CA5B5BCB2C9B} = {DB9E6651-9E36-4372-A181-9BC6A849FFAB}
		{7C919324-F897-4113-BD5B-F42C1F95A3BE} = {DB9E6651-9E36-4372-A181-9BC6A849FFAB}
		{BD98408C-B358-45EE-BB0B-A487B01F831C} = {DB9E6651-9E36-4372-A181-9BC6A849FFAB}
		{6202F90F-7678-4B8F-86CE-E5FB93A4B89F} = {DB9E6651-9E36-4372-A181-9BC6A849FFAB}
		{5AE43B47-2B95-464C-88DB-AE50260504B5} = {DB9E6651-9E36-4372-A181-9BC6A849FFAB}
	EndGlobalSection
	GlobalSection(ProjectConfigurationPlatforms) = postSolution
		{124F15CF-72BF-478D-BA47-479F01587B0F}.Debug|Any CPU.ActiveCfg = Debug|Any CPU
		{124F15CF-72BF-478D-BA47-479F01587B0F}.Debug|Any CPU.Build.0 = Debug|Any CPU
		{124F15CF-72BF-478D-BA47-479F01587B0F}.Release|Any CPU.ActiveCfg = Release|Any CPU
		{124F15CF-72BF-478D-BA47-479F01587B0F}.Release|Any CPU.Build.0 = Release|Any CPU
		{25365C1D-4C45-4807-A7FB-CA5B5BCB2C9B}.Debug|Any CPU.ActiveCfg = Debug|Any CPU
		{25365C1D-4C45-4807-A7FB-CA5B5BCB2C9B}.Debug|Any CPU.Build.0 = Debug|Any CPU
		{25365C1D-4C45-4807-A7FB-CA5B5BCB2C9B}.Release|Any CPU.ActiveCfg = Release|Any CPU
		{25365C1D-4C45-4807-A7FB-CA5B5BCB2C9B}.Release|Any CPU.Build.0 = Release|Any CPU
		{7C919324-F897-4113-BD5B-F42C1F95A3BE}.Debug|Any CPU.ActiveCfg = Debug|Any CPU
		{7C919324-F897-4113-BD5B-F42C1F95A3BE}.Debug|Any CPU.Build.0 = Debug|Any CPU
		{7C919324-F897-4113-BD5B-F42C1F95A3BE}.Release|Any CPU.ActiveCfg = Release|Any CPU
		{7C919324-F897-4113-BD5B-F42C1F95A3BE}.Release|Any CPU.Build.0 = Release|Any CPU
		{BD98408C-B358-45EE-BB0B-A487B01F831C}.Debug|Any CPU.ActiveCfg = Debug|Any CPU
		{BD98408C-B358-45EE-BB0B-A487B01F831C}.Debug|Any CPU.Build.0 = Debug|Any CPU
		{BD98408C-B358-45EE-BB0B-A487B01F831C}.Release|Any CPU.ActiveCfg = Release|Any CPU
		{BD98408C-B358-45EE-BB0B-A487B01F831C}.Release|Any CPU.Build.0 = Release|Any CPU
		{6202F90F-7678-4B8F-86CE-E5FB93A4B89F}.Debug|Any CPU.ActiveCfg = Debug|Any CPU
		{6202F90F-7678-4B8F-86CE-E5FB93A4B89F}.Debug|Any CPU.Build.0 = Debug|Any CPU
		{6202F90F-7678-4B8F-86CE-E5FB93A4B89F}.Release|Any CPU.ActiveCfg = Release|Any CPU
		{6202F90F-7678-4B8F-86CE-E5FB93A4B89F}.Release|Any CPU.Build.0 = Release|Any CPU
		{5AE43B47-2B95-464C-88DB-AE50260504B5}.Debug|Any CPU.ActiveCfg = Debug|Any CPU
		{5AE43B47-2B95-464C-88DB-AE50260504B5}.Debug|Any CPU.Build.0 = Debug|Any CPU
		{5AE43B47-2B95-464C-88DB-AE50260504B5}.Release|Any CPU.ActiveCfg = Release|Any CPU
		{5AE43B47-2B95-464C-88DB-AE50260504B5}.Release|Any CPU.Build.0 = Release|Any CPU
	EndGlobalSection
EndGlobal
